<?xml version="1.0" encoding="utf-8"?>
<Project ToolsVersion="4.0" xmlns="http://schemas.microsoft.com/developer/msbuild/2003">
  <ItemGroup>
    <Filter Include="Source Files">
      <UniqueIdentifier>{4FC737F1-C7A5-4376-A066-2A32D752A2FF}</UniqueIdentifier>
      <Extensions>cpp;c;cc;cxx;c++;cppm;ixx;def;odl;idl;hpj;bat;asm;asmx</Extensions>
    </Filter>
    <Filter Include="Arrays">
      <UniqueIdentifier>{cbb463c8-5a4e-483d-830c-92fbc190303c}</UniqueIdentifier>
    </Filter>
    <Filter Include="Arrays\Header">
      <UniqueIdentifier>{184e41bd-458f-4085-8342-6d828b9a46e0}</UniqueIdentifier>
    </Filter>
    <Filter Include="Arrays\Source">
      <UniqueIdentifier>{dda8442b-3f84-44bb-be70-9874fe4c40dd}</UniqueIdentifier>
    </Filter>
    <Filter Include="Recursion">
      <UniqueIdentifier>{7bbf9685-a37d-486d-8d1b-8bd3d52ed73c}</UniqueIdentifier>
    </Filter>
    <Filter Include="Recursion\Header">
      <UniqueIdentifier>{af953360-a4e6-4f35-8581-9b9c80280e1f}</UniqueIdentifier>
    </Filter>
    <Filter Include="Recursion\Source">
      <UniqueIdentifier>{2e55bbec-8fba-4e59-83be-e6e446b744de}</UniqueIdentifier>
    </Filter>
    <Filter Include="Unordered">
      <UniqueIdentifier>{421aca49-bf65-46c5-8492-667edc469b36}</UniqueIdentifier>
    </Filter>
    <Filter Include="SLL">
      <UniqueIdentifier>{f515bad5-6b6e-4dcc-8393-722d009fe960}</UniqueIdentifier>
    </Filter>
    <Filter Include="SLL\Header">
      <UniqueIdentifier>{e2a8da07-7612-475a-a597-47637608fa50}</UniqueIdentifier>
    </Filter>
    <Filter Include="SLL\Source">
      <UniqueIdentifier>{a71311e5-e0cb-4622-bf7c-b797150e7087}</UniqueIdentifier>
    </Filter>
    <Filter Include="Sorting">
      <UniqueIdentifier>{98fe5364-cba3-4514-a2b3-c433c78505d0}</UniqueIdentifier>
    </Filter>
    <Filter Include="Sorting\Header">
      <UniqueIdentifier>{649940cf-ff36-4d9a-8128-58477871bd37}</UniqueIdentifier>
    </Filter>
    <Filter Include="Sorting\Source">
      <UniqueIdentifier>{563de643-ccb7-4389-b00a-d85ae7bb8622}</UniqueIdentifier>
    </Filter>
    <Filter Include="Stack">
      <UniqueIdentifier>{04bb1555-f938-46fc-844f-f1a7b918a735}</UniqueIdentifier>
    </Filter>
    <Filter Include="Stack\Source">
      <UniqueIdentifier>{33810fde-53a8-4a42-be54-72ec01b0e8c0}</UniqueIdentifier>
    </Filter>
    <Filter Include="Stack\Header">
      <UniqueIdentifier>{62747a9b-18b0-4f73-938a-01f7d76c65af}</UniqueIdentifier>
    </Filter>
  </ItemGroup>
  <ItemGroup>
    <ClCompile Include="Leet.cpp">
      <Filter>Source Files</Filter>
    </ClCompile>
    <ClCompile Include="Arrays.cpp">
      <Filter>Arrays\Source</Filter>
    </ClCompile>
    <ClCompile Include="Recursion.cpp">
      <Filter>Recursion\Source</Filter>
    </ClCompile>
    <ClCompile Include="Source.cpp">
      <Filter>Unordered</Filter>
    </ClCompile>
    <ClCompile Include="SLL.cpp">
      <Filter>SLL\Source</Filter>
    </ClCompile>
    <ClCompile Include="Sorting.cpp">
      <Filter>Sorting\Source</Filter>
    </ClCompile>
    <ClCompile Include="Stack.cpp">
      <Filter>Stack\Source</Filter>
    </ClCompile>
  </ItemGroup>
  <ItemGroup>
    <ClInclude Include="Arrays.h">
      <Filter>Arrays\Header</Filter>
    </ClInclude>
    <ClInclude Include="Recursion.h">
      <Filter>Recursion\Header</Filter>
    </ClInclude>
    <ClInclude Include="SLL.h">
      <Filter>SLL\Header</Filter>
    </ClInclude>
    <ClInclude Include="Sorting.h">
      <Filter>Sorting\Header</Filter>
    </ClInclude>
    <ClInclude Include="Stack.h">
      <Filter>Stack\Header</Filter>
    </ClInclude>
  </ItemGroup>
</Project>