<?xml version="1.0" encoding="utf-8"?>
<Project ToolsVersion="4.0" xmlns="http://schemas.microsoft.com/developer/msbuild/2003">
  <ItemGroup>
    <Filter Include="Source Files">
      <UniqueIdentifier>{4FC737F1-C7A5-4376-A066-2A32D752A2FF}</UniqueIdentifier>
      <Extensions>cpp;c;cc;cxx;c++;cppm;ixx;def;odl;idl;hpj;bat;asm;asmx</Extensions>
    </Filter>
    <Filter Include="Arrays">
      <UniqueIdentifier>{cbb463c8-5a4e-483d-830c-92fbc190303c}</UniqueIdentifier>
    </Filter>
    <Filter Include="Arrays\Header">
      <UniqueIdentifier>{184e41bd-458f-4085-8342-6d828b9a46e0}</UniqueIdentifier>
    </Filter>
    <Filter Include="Arrays\Source">
      <UniqueIdentifier>{dda8442b-3f84-44bb-be70-9874fe4c40dd}</UniqueIdentifier>
    </Filter>
    <Filter Include="Recursion">
      <UniqueIdentifier>{7bbf9685-a37d-486d-8d1b-8bd3d52ed73c}</UniqueIdentifier>
    </Filter>
    <Filter Include="Recursion\Header">
      <UniqueIdentifier>{af953360-a4e6-4f35-8581-9b9c80280e1f}</UniqueIdentifier>
    </Filter>
    <Filter Include="Recursion\Source">
      <UniqueIdentifier>{2e55bbec-8fba-4e59-83be-e6e446b744de}</UniqueIdentifier>
    </Filter>
    <Filter Include="Unordered">
      <UniqueIdentifier>{421aca49-bf65-46c5-8492-667edc469b36}</UniqueIdentifier>
    </Filter>
    <Filter Include="SLL">
      <UniqueIdentifier>{f515bad5-6b6e-4dcc-8393-722d009fe960}</UniqueIdentifier>
    </Filter>
    <Filter Include="SLL\Header">
      <UniqueIdentifier>{e2a8da07-7612-475a-a597-47637608fa50}</UniqueIdentifier>
    </Filter>
    <Filter Include="SLL\Source">
      <UniqueIdentifier>{a71311e5-e0cb-4622-bf7c-b797150e7087}</UniqueIdentifier>
    </Filter>
    <Filter Include="Sorting">
      <UniqueIdentifier>{98fe5364-cba3-4514-a2b3-c433c78505d0}</UniqueIdentifier>
    </Filter>
    <Filter Include="Sorting\Header">
      <UniqueIdentifier>{649940cf-ff36-4d9a-8128-58477871bd37}</UniqueIdentifier>
    </Filter>
    <Filter Include="Sorting\Source">
      <UniqueIdentifier>{563de643-ccb7-4389-b00a-d85ae7bb8622}</UniqueIdentifier>
    </Filter>
    <Filter Include="Queue">
      <UniqueIdentifier>{0e6060f4-927d-42c4-959e-0c0521169022}</UniqueIdentifier>
    </Filter>
    <Filter Include="Queue\Header">
      <UniqueIdentifier>{91643f96-af20-4cdf-b3ea-38edd1b21733}</UniqueIdentifier>
    </Filter>
    <Filter Include="Queue\Source">
      <UniqueIdentifier>{2ebdf7ec-4231-402c-8cff-3bcf07423507}</UniqueIdentifier>
    </Filter>
    <Filter Include="TwoPointers">
      <UniqueIdentifier>{9faee2fc-8176-41df-82da-d0428e19fa33}</UniqueIdentifier>
    </Filter>
    <Filter Include="TwoPointers\Header">
      <UniqueIdentifier>{9ce68542-223d-491c-b366-121c28b19a6a}</UniqueIdentifier>
    </Filter>
    <Filter Include="TwoPointers\Source">
      <UniqueIdentifier>{8e326e0d-c582-4fdf-8161-b44612e453ae}</UniqueIdentifier>
    </Filter>
    <Filter Include="SlidingWindow">
      <UniqueIdentifier>{55a5576d-7a9d-48bf-ac75-c796404e477b}</UniqueIdentifier>
    </Filter>
    <Filter Include="StackImplementation">
      <UniqueIdentifier>{04bb1555-f938-46fc-844f-f1a7b918a735}</UniqueIdentifier>
    </Filter>
    <Filter Include="StackImplementation\Source">
      <UniqueIdentifier>{33810fde-53a8-4a42-be54-72ec01b0e8c0}</UniqueIdentifier>
    </Filter>
    <Filter Include="StackImplementation\Header">
      <UniqueIdentifier>{62747a9b-18b0-4f73-938a-01f7d76c65af}</UniqueIdentifier>
    </Filter>
    <Filter Include="stack">
      <UniqueIdentifier>{2cd2b4c0-48d1-4005-a539-e8502dcdbc02}</UniqueIdentifier>
    </Filter>
    <Filter Include="stack\Header">
      <UniqueIdentifier>{6866d9df-fd84-4ca2-8113-0b35616179bb}</UniqueIdentifier>
    </Filter>
    <Filter Include="stack\Source">
      <UniqueIdentifier>{63d77d01-0bd3-42d5-b5b7-ce162531db72}</UniqueIdentifier>
    </Filter>
    <Filter Include="LinkedList">
      <UniqueIdentifier>{c5406191-5048-44b7-954b-09a507f1f239}</UniqueIdentifier>
    </Filter>
    <Filter Include="LinkedList\Source">
      <UniqueIdentifier>{b27bf25d-ffae-456a-a515-96b4913d7349}</UniqueIdentifier>
    </Filter>
    <Filter Include="LinkedList\Header">
      <UniqueIdentifier>{90b0963f-2f59-4491-901e-082cecdbe8cc}</UniqueIdentifier>
    </Filter>
    <Filter Include="BinarySeacrh">
      <UniqueIdentifier>{ee9261e4-61d0-4de5-9de2-ac8a54005ae8}</UniqueIdentifier>
    </Filter>
    <Filter Include="BinarySeacrh\Header">
      <UniqueIdentifier>{02c6ee81-f57d-4610-a23d-6b0eebd74397}</UniqueIdentifier>
    </Filter>
    <Filter Include="BinarySeacrh\Source">
      <UniqueIdentifier>{5dfd59a9-d0c5-4962-9dd0-2b64acb63a25}</UniqueIdentifier>
    </Filter>
    <Filter Include="Heap">
      <UniqueIdentifier>{de60a877-4833-413d-8ab7-484495df67bb}</UniqueIdentifier>
    </Filter>
    <Filter Include="Heap\Header">
      <UniqueIdentifier>{3067879a-95b9-47ff-a7c9-57788965f0e7}</UniqueIdentifier>
    </Filter>
    <Filter Include="Heap\Source">
      <UniqueIdentifier>{ca93ef7b-415d-44a3-8910-361c3cc100b7}</UniqueIdentifier>
    </Filter>
    <Filter Include="Trees">
      <UniqueIdentifier>{5835c997-73d5-4632-9a3c-9c36494fc957}</UniqueIdentifier>
    </Filter>
    <Filter Include="Trees\Header">
      <UniqueIdentifier>{960d9aa9-b9b8-43ae-8870-5ba9da3068a0}</UniqueIdentifier>
    </Filter>
    <Filter Include="Trees\Source">
      <UniqueIdentifier>{8a01e886-cd75-4aa6-99c4-a4a6d9befcb5}</UniqueIdentifier>
    </Filter>
  </ItemGroup>
  <ItemGroup>
    <ClCompile Include="Leet.cpp">
      <Filter>Source Files</Filter>
    </ClCompile>
    <ClCompile Include="Arrays.cpp">
      <Filter>Arrays\Source</Filter>
    </ClCompile>
    <ClCompile Include="Recursion.cpp">
      <Filter>Recursion\Source</Filter>
    </ClCompile>
    <ClCompile Include="Source.cpp">
      <Filter>Unordered</Filter>
    </ClCompile>
    <ClCompile Include="SLL.cpp">
      <Filter>SLL\Source</Filter>
    </ClCompile>
    <ClCompile Include="Sorting.cpp">
      <Filter>Sorting\Source</Filter>
    </ClCompile>
    <ClCompile Include="Stack.cpp">
      <Filter>StackImplementation\Source</Filter>
    </ClCompile>
    <ClCompile Include="StackSLL.cpp">
      <Filter>StackImplementation\Source</Filter>
    </ClCompile>
    <ClCompile Include="Queue.cpp">
      <Filter>Queue\Source</Filter>
    </ClCompile>
    <ClCompile Include="TwoPointers.cpp">
      <Filter>TwoPointers\Source</Filter>
    </ClCompile>
    <ClCompile Include="SlidingWindow.cpp">
      <Filter>SlidingWindow</Filter>
    </ClCompile>
    <ClCompile Include="Stacks.cpp">
      <Filter>stack\Source</Filter>
    </ClCompile>
    <ClCompile Include="LinkedListClss.cpp">
      <Filter>LinkedList\Source</Filter>
    </ClCompile>
    <ClCompile Include="BSearch.cpp">
      <Filter>BinarySeacrh\Source</Filter>
    </ClCompile>
    <ClCompile Include="Heap.cpp">
      <Filter>Heap\Source</Filter>
    </ClCompile>
    <ClCompile Include="BinaryTree.cpp">
      <Filter>Trees\Source</Filter>
    </ClCompile>
  </ItemGroup>
  <ItemGroup>
    <ClInclude Include="Arrays.h">
      <Filter>Arrays\Header</Filter>
    </ClInclude>
    <ClInclude Include="Recursion.h">
      <Filter>Recursion\Header</Filter>
    </ClInclude>
    <ClInclude Include="SLL.h">
      <Filter>SLL\Header</Filter>
    </ClInclude>
    <ClInclude Include="Sorting.h">
      <Filter>Sorting\Header</Filter>
    </ClInclude>
    <ClInclude Include="Stack.h">
      <Filter>StackImplementation\Header</Filter>
    </ClInclude>
    <ClInclude Include="StackSLL.h">
      <Filter>StackImplementation\Header</Filter>
    </ClInclude>
    <ClInclude Include="Queue.h">
      <Filter>Queue\Header</Filter>
    </ClInclude>
    <ClInclude Include="TwoPointers.h">
      <Filter>TwoPointers\Header</Filter>
    </ClInclude>
    <ClInclude Include="SlidingWindow.h">
      <Filter>SlidingWindow</Filter>
    </ClInclude>
    <ClInclude Include="Stacks.h">
      <Filter>stack\Header</Filter>
    </ClInclude>
    <ClInclude Include="LinkedListClss.h">
      <Filter>LinkedList\Header</Filter>
    </ClInclude>
    <ClInclude Include="BSearch.h">
      <Filter>BinarySeacrh\Header</Filter>
    </ClInclude>
    <ClInclude Include="Heap.h">
      <Filter>Heap\Header</Filter>
    </ClInclude>
    <ClInclude Include="BinaryTree.h">
      <Filter>Trees\Header</Filter>
    </ClInclude>
  </ItemGroup>
</Project>